
Microsoft Visual Studio Solution File, Format Version 12.00
# Visual Studio Version 17
VisualStudioVersion = 17.12.35514.174
MinimumVisualStudioVersion = 10.0.40219.1
Project("{2150E333-8FDC-42A3-9474-1A3956D46DE8}") = "CS.ConsoleApplications", "CS.ConsoleApplications", "{1BBC3411-FEEF-4CC6-8088-D865823EAFFF}"
EndProject
Project("{2150E333-8FDC-42A3-9474-1A3956D46DE8}") = "Solution Items", "Solution Items", "{20494CF4-F869-4355-A659-F1FDE128155C}"
	ProjectSection(SolutionItems) = preProject
		.editorconfig = .editorconfig
		Directory.Build.props = Directory.Build.props
		Directory.Packages.props = Directory.Packages.props
	EndProjectSection
EndProject
Project("{FAE04EC0-301F-11D3-BF4B-00C04F79EFBC}") = "StudentGrades", "StudentGrades\StudentGrades.csproj", "{A2F9D302-1FAE-4EA4-8474-AC29ED67F78F}"
EndProject
Project("{FAE04EC0-301F-11D3-BF4B-00C04F79EFBC}") = "DecisionLogic", "DecisionLogic\DecisionLogic.csproj", "{4EE7AA9F-00CC-4582-86F3-32C662E8076E}"
EndProject
Project("{FAE04EC0-301F-11D3-BF4B-00C04F79EFBC}") = "BranchingLooping", "BranchingLooping\BranchingLooping.csproj", "{8329609C-CE5F-478E-983B-9F58FDF0E487}"
EndProject
Project("{2150E333-8FDC-42A3-9474-1A3956D46DE8}") = "WebApps", "WebApps", "{59EB0AA5-5C9F-40E5-8CED-6081CC7D4303}"
EndProject
Project("{FAE04EC0-301F-11D3-BF4B-00C04F79EFBC}") = "BlazorApp", "BlazorApp\BlazorApp.csproj", "{423599AA-B418-459E-B769-2B9BA0090170}"
EndProject
Project("{2150E333-8FDC-42A3-9474-1A3956D46DE8}") = "Backend", "Backend", "{6374E189-AFF7-4A2A-B819-7A1EB7194CBC}"
EndProject
Project("{FAE04EC0-301F-11D3-BF4B-00C04F79EFBC}") = "PizzaStore", "PizzaStore\PizzaStore.csproj", "{4BCFEE3D-8475-42D2-9799-E337F5A4A540}"
EndProject
Project("{FAE04EC0-301F-11D3-BF4B-00C04F79EFBC}") = "DependencyInjection", "DependencyInjection\DependencyInjection.csproj", "{A39C300F-E189-4DCD-8E31-95C6CAD76BDD}"
EndProject
Global
	GlobalSection(SolutionConfigurationPlatforms) = preSolution
		Debug|Any CPU = Debug|Any CPU
		Release|Any CPU = Release|Any CPU
	EndGlobalSection
	GlobalSection(ProjectConfigurationPlatforms) = postSolution
		{A2F9D302-1FAE-4EA4-8474-AC29ED67F78F}.Debug|Any CPU.ActiveCfg = Debug|Any CPU
		{A2F9D302-1FAE-4EA4-8474-AC29ED67F78F}.Debug|Any CPU.Build.0 = Debug|Any CPU
		{A2F9D302-1FAE-4EA4-8474-AC29ED67F78F}.Release|Any CPU.ActiveCfg = Release|Any CPU
		{A2F9D302-1FAE-4EA4-8474-AC29ED67F78F}.Release|Any CPU.Build.0 = Release|Any CPU
		{4EE7AA9F-00CC-4582-86F3-32C662E8076E}.Debug|Any CPU.ActiveCfg = Debug|Any CPU
		{4EE7AA9F-00CC-4582-86F3-32C662E8076E}.Debug|Any CPU.Build.0 = Debug|Any CPU
		{4EE7AA9F-00CC-4582-86F3-32C662E8076E}.Release|Any CPU.ActiveCfg = Release|Any CPU
		{4EE7AA9F-00CC-4582-86F3-32C662E8076E}.Release|Any CPU.Build.0 = Release|Any CPU
		{8329609C-CE5F-478E-983B-9F58FDF0E487}.Debug|Any CPU.ActiveCfg = Debug|Any CPU
		{8329609C-CE5F-478E-983B-9F58FDF0E487}.Debug|Any CPU.Build.0 = Debug|Any CPU
		{8329609C-CE5F-478E-983B-9F58FDF0E487}.Release|Any CPU.ActiveCfg = Release|Any CPU
		{8329609C-CE5F-478E-983B-9F58FDF0E487}.Release|Any CPU.Build.0 = Release|Any CPU
		{423599AA-B418-459E-B769-2B9BA0090170}.Debug|Any CPU.ActiveCfg = Debug|Any CPU
		{423599AA-B418-459E-B769-2B9BA0090170}.Debug|Any CPU.Build.0 = Debug|Any CPU
		{423599AA-B418-459E-B769-2B9BA0090170}.Release|Any CPU.ActiveCfg = Release|Any CPU
		{423599AA-B418-459E-B769-2B9BA0090170}.Release|Any CPU.Build.0 = Release|Any CPU
		{4BCFEE3D-8475-42D2-9799-E337F5A4A540}.Debug|Any CPU.ActiveCfg = Debug|Any CPU
		{4BCFEE3D-8475-42D2-9799-E337F5A4A540}.Debug|Any CPU.Build.0 = Debug|Any CPU
		{4BCFEE3D-8475-42D2-9799-E337F5A4A540}.Release|Any CPU.ActiveCfg = Release|Any CPU
		{4BCFEE3D-8475-42D2-9799-E337F5A4A540}.Release|Any CPU.Build.0 = Release|Any CPU
		{A39C300F-E189-4DCD-8E31-95C6CAD76BDD}.Debug|Any CPU.ActiveCfg = Debug|Any CPU
		{A39C300F-E189-4DCD-8E31-95C6CAD76BDD}.Debug|Any CPU.Build.0 = Debug|Any CPU
		{A39C300F-E189-4DCD-8E31-95C6CAD76BDD}.Release|Any CPU.ActiveCfg = Release|Any CPU
		{A39C300F-E189-4DCD-8E31-95C6CAD76BDD}.Release|Any CPU.Build.0 = Release|Any CPU
	EndGlobalSection
	GlobalSection(SolutionProperties) = preSolution
		HideSolutionNode = FALSE
	EndGlobalSection
	GlobalSection(NestedProjects) = preSolution
		{A2F9D302-1FAE-4EA4-8474-AC29ED67F78F} = {1BBC3411-FEEF-4CC6-8088-D865823EAFFF}
		{4EE7AA9F-00CC-4582-86F3-32C662E8076E} = {1BBC3411-FEEF-4CC6-8088-D865823EAFFF}
		{8329609C-CE5F-478E-983B-9F58FDF0E487} = {1BBC3411-FEEF-4CC6-8088-D865823EAFFF}
		{423599AA-B418-459E-B769-2B9BA0090170} = {59EB0AA5-5C9F-40E5-8CED-6081CC7D4303}
		{4BCFEE3D-8475-42D2-9799-E337F5A4A540} = {6374E189-AFF7-4A2A-B819-7A1EB7194CBC}
		{A39C300F-E189-4DCD-8E31-95C6CAD76BDD} = {6374E189-AFF7-4A2A-B819-7A1EB7194CBC}
	EndGlobalSection
EndGlobal
